
Microsoft Visual Studio Solution File, Format Version 12.00
# Visual Studio Version 17
VisualStudioVersion = 17.14.36121.58 d17.14
MinimumVisualStudioVersion = 10.0.40219.1
Project("{7CF6DF6D-3B04-46F8-A40B-537D21BCA0B4}") = "shfb-tingen-web-service", "shfb-tingen-web-service.shfbproj", "{7D7D4827-2AB3-4955-84E2-AE3836B96DDE}"
EndProject
Global
	GlobalSection(SolutionConfigurationPlatforms) = preSolution
		Debug|Any CPU = Debug|Any CPU
		Release|Any CPU = Release|Any CPU
	EndGlobalSection
	GlobalSection(ProjectConfigurationPlatforms) = postSolution
		{7D7D4827-2AB3-4955-84E2-AE3836B96DDE}.Debug|Any CPU.ActiveCfg = Debug|Any CPU
		{7D7D4827-2AB3-4955-84E2-AE3836B96DDE}.Debug|Any CPU.Build.0 = Debug|Any CPU
		{7D7D4827-2AB3-4955-84E2-AE3836B96DDE}.Release|Any CPU.ActiveCfg = Release|Any CPU
		{7D7D4827-2AB3-4955-84E2-AE3836B96DDE}.Release|Any CPU.Build.0 = Release|Any CPU
	EndGlobalSection
	GlobalSection(SolutionProperties) = preSolution
		HideSolutionNode = FALSE
	EndGlobalSection
	GlobalSection(ExtensibilityGlobals) = postSolution
		SolutionGuid = {527FBB21-4C00-463C-B92F-3DB6F71532F5}
	EndGlobalSection
EndGlobal
